{
  "requires": true,
  "lockfileVersion": 1,
  "dependencies": {
    "bootstrap-icons": {
      "version": "1.5.0",
      "resolved": "https://registry.npmjs.org/bootstrap-icons/-/bootstrap-icons-1.5.0.tgz",
      "integrity": "sha512-44feMc7DE1Ccpsas/1wioN8ewFJNquvi5FewA06wLnqct7CwMdGDVy41ieHaacogzDqLfG8nADIvMNp9e4bfbA=="
    },
    "chart.js": {
      "version": "3.1.1",
      "resolved": "https://registry.npmjs.org/chart.js/-/chart.js-3.1.1.tgz",
      "integrity": "sha512-ghNJersc9VD9MECwa5bL8gqvCkndW6RSCicdEHL9lIriNtXwKawlSmwo+u6KNXLYT2+f24GdFPBoynKW3ke4MQ=="
    },
    "cleave.js": {
      "version": "1.6.0",
      "resolved": "https://registry.npmjs.org/cleave.js/-/cleave.js-1.6.0.tgz",
      "integrity": "sha512-ivqesy3j5hQVG3gywPfwKPbi/7ZSftY/UNp5uphnqjr25yI2CP8FS2ODQPzuLXXnNLi29e2+PgPkkiKUXLs/Nw=="
    }
  }
}
